// !$*UTF8*$!
{
	archiveVersion = 1;
	classes = {
	};
	objectVersion = 56;
	objects = {

/* Begin PBXBuildFile section */
		3A10B9E728D4B039009E1455 /* AppDelegate.swift in Sources */ = {isa = PBXBuildFile; fileRef = 3A10B9E628D4B039009E1455 /* AppDelegate.swift */; };
		3A10B9E928D4B039009E1455 /* SceneDelegate.swift in Sources */ = {isa = PBXBuildFile; fileRef = 3A10B9E828D4B039009E1455 /* SceneDelegate.swift */; };
		3A10B9F028D4B03B009E1455 /* Assets.xcassets in Resources */ = {isa = PBXBuildFile; fileRef = 3A10B9EF28D4B03B009E1455 /* Assets.xcassets */; };
		3A10B9F328D4B03B009E1455 /* LaunchScreen.storyboard in Resources */ = {isa = PBXBuildFile; fileRef = 3A10B9F128D4B03B009E1455 /* LaunchScreen.storyboard */; };
		3A10B9FB28D4B1D4009E1455 /* CoffeeShop.storyboard in Resources */ = {isa = PBXBuildFile; fileRef = 3A10B9FA28D4B1D4009E1455 /* CoffeeShop.storyboard */; };
		3A10B9FD28D4B26C009E1455 /* CoffeeShopListViewController.swift in Sources */ = {isa = PBXBuildFile; fileRef = 3A10B9FC28D4B26C009E1455 /* CoffeeShopListViewController.swift */; };
		3A10B9FF28D4BBBA009E1455 /* CoffeeShopViewCell.swift in Sources */ = {isa = PBXBuildFile; fileRef = 3A10B9FE28D4BBBA009E1455 /* CoffeeShopViewCell.swift */; };
		3A5BC3D028DDF63400CE9111 /* Coffeeshop.swift in Sources */ = {isa = PBXBuildFile; fileRef = 3A5BC3CF28DDF63400CE9111 /* Coffeeshop.swift */; };
/* End PBXBuildFile section */

/* Begin PBXFileReference section */
		3A10B9E328D4B039009E1455 /* TableView_Exercise.app */ = {isa = PBXFileReference; explicitFileType = wrapper.application; includeInIndex = 0; path = TableView_Exercise.app; sourceTree = BUILT_PRODUCTS_DIR; };
		3A10B9E628D4B039009E1455 /* AppDelegate.swift */ = {isa = PBXFileReference; lastKnownFileType = sourcecode.swift; path = AppDelegate.swift; sourceTree = "<group>"; };
		3A10B9E828D4B039009E1455 /* SceneDelegate.swift */ = {isa = PBXFileReference; lastKnownFileType = sourcecode.swift; path = SceneDelegate.swift; sourceTree = "<group>"; };
		3A10B9EF28D4B03B009E1455 /* Assets.xcassets */ = {isa = PBXFileReference; lastKnownFileType = folder.assetcatalog; path = Assets.xcassets; sourceTree = "<group>"; };
		3A10B9F228D4B03B009E1455 /* Base */ = {isa = PBXFileReference; lastKnownFileType = file.storyboard; name = Base; path = Base.lproj/LaunchScreen.storyboard; sourceTree = "<group>"; };
		3A10B9F428D4B03B009E1455 /* Info.plist */ = {isa = PBXFileReference; lastKnownFileType = text.plist.xml; path = Info.plist; sourceTree = "<group>"; };
		3A10B9FA28D4B1D4009E1455 /* CoffeeShop.storyboard */ = {isa = PBXFileReference; lastKnownFileType = file.storyboard; path = CoffeeShop.storyboard; sourceTree = "<group>"; };
		3A10B9FC28D4B26C009E1455 /* CoffeeShopListViewController.swift */ = {isa = PBXFileReference; lastKnownFileType = sourcecode.swift; path = CoffeeShopListViewController.swift; sourceTree = "<group>"; };
		3A10B9FE28D4BBBA009E1455 /* CoffeeShopViewCell.swift */ = {isa = PBXFileReference; lastKnownFileType = sourcecode.swift; path = CoffeeShopViewCell.swift; sourceTree = "<group>"; };
		3A5BC3CF28DDF63400CE9111 /* Coffeeshop.swift */ = {isa = PBXFileReference; lastKnownFileType = sourcecode.swift; path = Coffeeshop.swift; sourceTree = "<group>"; };
/* End PBXFileReference section */

/* Begin PBXFrameworksBuildPhase section */
		3A10B9E028D4B039009E1455 /* Frameworks */ = {
			isa = PBXFrameworksBuildPhase;
			buildActionMask = 2147483647;
			files = (
			);
			runOnlyForDeploymentPostprocessing = 0;
		};
/* End PBXFrameworksBuildPhase section */

/* Begin PBXGroup section */
		3A10B9DA28D4B039009E1455 = {
			isa = PBXGroup;
			children = (
				3A10B9E528D4B039009E1455 /* TableView_Exercise */,
				3A10B9E428D4B039009E1455 /* Products */,
			);
			sourceTree = "<group>";
		};
		3A10B9E428D4B039009E1455 /* Products */ = {
			isa = PBXGroup;
			children = (
				3A10B9E328D4B039009E1455 /* TableView_Exercise.app */,
			);
			name = Products;
			sourceTree = "<group>";
		};
		3A10B9E528D4B039009E1455 /* TableView_Exercise */ = {
			isa = PBXGroup;
			children = (
				3A10B9F428D4B03B009E1455 /* Info.plist */,
				3A10B9EF28D4B03B009E1455 /* Assets.xcassets */,
				3A5BC3D128DDFD2900CE9111 /* App */,
				3A10B9F128D4B03B009E1455 /* LaunchScreen.storyboard */,
				3A5BC3D728DDFF4D00CE9111 /* Modules */,
			);
			path = TableView_Exercise;
			sourceTree = "<group>";
		};
		3A5BC3D128DDFD2900CE9111 /* App */ = {
			isa = PBXGroup;
			children = (
				3A10B9E628D4B039009E1455 /* AppDelegate.swift */,
				3A10B9E828D4B039009E1455 /* SceneDelegate.swift */,
			);
			path = App;
			sourceTree = "<group>";
		};
		3A5BC3D428DDFDA200CE9111 /* Models */ = {
			isa = PBXGroup;
			children = (
				3A5BC3CF28DDF63400CE9111 /* Coffeeshop.swift */,
			);
			path = Models;
			sourceTree = "<group>";
		};
		3A5BC3D528DDFDB400CE9111 /* Views */ = {
			isa = PBXGroup;
			children = (
				3A10B9FE28D4BBBA009E1455 /* CoffeeShopViewCell.swift */,
			);
			path = Views;
			sourceTree = "<group>";
		};
		3A5BC3D628DDFDB900CE9111 /* Controllers */ = {
			isa = PBXGroup;
			children = (
				3A10B9FA28D4B1D4009E1455 /* CoffeeShop.storyboard */,
				3A10B9FC28D4B26C009E1455 /* CoffeeShopListViewController.swift */,
			);
			path = Controllers;
			sourceTree = "<group>";
		};
		3A5BC3D728DDFF4D00CE9111 /* Modules */ = {
			isa = PBXGroup;
			children = (
				3A5BC3D928DDFF6800CE9111 /* Profile */,
				3A5BC3D828DDFF5500CE9111 /* CoffeeshopList */,
			);
			path = Modules;
			sourceTree = "<group>";
		};
		3A5BC3D828DDFF5500CE9111 /* CoffeeshopList */ = {
			isa = PBXGroup;
			children = (
				3A5BC3D428DDFDA200CE9111 /* Models */,
				3A5BC3D528DDFDB400CE9111 /* Views */,
				3A5BC3D628DDFDB900CE9111 /* Controllers */,
			);
			path = CoffeeshopList;
			sourceTree = "<group>";
		};
		3A5BC3D928DDFF6800CE9111 /* Profile */ = {
			isa = PBXGroup;
			children = (
			);
			path = Profile;
			sourceTree = "<group>";
		};
/* End PBXGroup section */

/* Begin PBXNativeTarget section */
		3A10B9E228D4B039009E1455 /* TableView_Exercise */ = {
			isa = PBXNativeTarget;
			buildConfigurationList = 3A10B9F728D4B03B009E1455 /* Build configuration list for PBXNativeTarget "TableView_Exercise" */;
			buildPhases = (
				3A10B9DF28D4B039009E1455 /* Sources */,
				3A10B9E028D4B039009E1455 /* Frameworks */,
				3A10B9E128D4B039009E1455 /* Resources */,
			);
			buildRules = (
			);
			dependencies = (
			);
			name = TableView_Exercise;
			productName = TableView_Exercise;
			productReference = 3A10B9E328D4B039009E1455 /* TableView_Exercise.app */;
			productType = "com.apple.product-type.application";
		};
/* End PBXNativeTarget section */

/* Begin PBXProject section */
		3A10B9DB28D4B039009E1455 /* Project object */ = {
			isa = PBXProject;
			attributes = {
				BuildIndependentTargetsInParallel = 1;
				LastSwiftUpdateCheck = 1400;
				LastUpgradeCheck = 1400;
				TargetAttributes = {
					3A10B9E228D4B039009E1455 = {
						CreatedOnToolsVersion = 14.0;
					};
				};
			};
			buildConfigurationList = 3A10B9DE28D4B039009E1455 /* Build configuration list for PBXProject "TableView_Exercise" */;
			compatibilityVersion = "Xcode 14.0";
			developmentRegion = en;
			hasScannedForEncodings = 0;
			knownRegions = (
				en,
				Base,
			);
			mainGroup = 3A10B9DA28D4B039009E1455;
			productRefGroup = 3A10B9E428D4B039009E1455 /* Products */;
			projectDirPath = "";
			projectRoot = "";
			targets = (
				3A10B9E228D4B039009E1455 /* TableView_Exercise */,
			);
		};
/* End PBXProject section */

/* Begin PBXResourcesBuildPhase section */
		3A10B9E128D4B039009E1455 /* Resources */ = {
			isa = PBXResourcesBuildPhase;
			buildActionMask = 2147483647;
			files = (
				3A10B9F328D4B03B009E1455 /* LaunchScreen.storyboard in Resources */,
				3A10B9F028D4B03B009E1455 /* Assets.xcassets in Resources */,
				3A10B9FB28D4B1D4009E1455 /* CoffeeShop.storyboard in Resources */,
			);
			runOnlyForDeploymentPostprocessing = 0;
		};
/* End PBXResourcesBuildPhase section */

/* Begin PBXSourcesBuildPhase section */
		3A10B9DF28D4B039009E1455 /* Sources */ = {
			isa = PBXSourcesBuildPhase;
			buildActionMask = 2147483647;
			files = (
				3A10B9E728D4B039009E1455 /* AppDelegate.swift in Sources */,
				3A10B9FD28D4B26C009E1455 /* CoffeeShopListViewController.swift in Sources */,
				3A5BC3D028DDF63400CE9111 /* Coffeeshop.swift in Sources */,
				3A10B9FF28D4BBBA009E1455 /* CoffeeShopViewCell.swift in Sources */,
				3A10B9E928D4B039009E1455 /* SceneDelegate.swift in Sources */,
			);
			runOnlyForDeploymentPostprocessing = 0;
		};
/* End PBXSourcesBuildPhase section */

/* Begin PBXVariantGroup section */
		3A10B9F128D4B03B009E1455 /* LaunchScreen.storyboard */ = {
			isa = PBXVariantGroup;
			children = (
				3A10B9F228D4B03B009E1455 /* Base */,
			);
			name = LaunchScreen.storyboard;
			sourceTree = "<group>";
		};
/* End PBXVariantGroup section */

/* Begin XCBuildConfiguration section */
		3A10B9F528D4B03B009E1455 /* Debug */ = {
			isa = XCBuildConfiguration;
			buildSettings = {
				ALWAYS_SEARCH_USER_PATHS = NO;
				CLANG_ANALYZER_NONNULL = YES;
				CLANG_ANALYZER_NUMBER_OBJECT_CONVERSION = YES_AGGRESSIVE;
				CLANG_CXX_LANGUAGE_STANDARD = "gnu++20";
				CLANG_ENABLE_MODULES = YES;
				CLANG_ENABLE_OBJC_ARC = YES;
				CLANG_ENABLE_OBJC_WEAK = YES;
				CLANG_WARN_BLOCK_CAPTURE_AUTORELEASING = YES;
				CLANG_WARN_BOOL_CONVERSION = YES;
				CLANG_WARN_COMMA = YES;
				CLANG_WARN_CONSTANT_CONVERSION = YES;
				CLANG_WARN_DEPRECATED_OBJC_IMPLEMENTATIONS = YES;
				CLANG_WARN_DIRECT_OBJC_ISA_USAGE = YES_ERROR;
				CLANG_WARN_DOCUMENTATION_COMMENTS = YES;
				CLANG_WARN_EMPTY_BODY = YES;
				CLANG_WARN_ENUM_CONVERSION = YES;
				CLANG_WARN_INFINITE_RECURSION = YES;
				CLANG_WARN_INT_CONVERSION = YES;
				CLANG_WARN_NON_LITERAL_NULL_CONVERSION = YES;
				CLANG_WARN_OBJC_IMPLICIT_RETAIN_SELF = YES;
				CLANG_WARN_OBJC_LITERAL_CONVERSION = YES;
				CLANG_WARN_OBJC_ROOT_CLASS = YES_ERROR;
				CLANG_WARN_QUOTED_INCLUDE_IN_FRAMEWORK_HEADER = YES;
				CLANG_WARN_RANGE_LOOP_ANALYSIS = YES;
				CLANG_WARN_STRICT_PROTOTYPES = YES;
				CLANG_WARN_SUSPICIOUS_MOVE = YES;
				CLANG_WARN_UNGUARDED_AVAILABILITY = YES_AGGRESSIVE;
				CLANG_WARN_UNREACHABLE_CODE = YES;
				CLANG_WARN__DUPLICATE_METHOD_MATCH = YES;
				COPY_PHASE_STRIP = NO;
				DEBUG_INFORMATION_FORMAT = dwarf;
				ENABLE_STRICT_OBJC_MSGSEND = YES;
				ENABLE_TESTABILITY = YES;
				GCC_C_LANGUAGE_STANDARD = gnu11;
				GCC_DYNAMIC_NO_PIC = NO;
				GCC_NO_COMMON_BLOCKS = YES;
				GCC_OPTIMIZATION_LEVEL = 0;
				GCC_PREPROCESSOR_DEFINITIONS = (
					"DEBUG=1",
					"$(inherited)",
				);
				GCC_WARN_64_TO_32_BIT_CONVERSION = YES;
				GCC_WARN_ABOUT_RETURN_TYPE = YES_ERROR;
				GCC_WARN_UNDECLARED_SELECTOR = YES;
				GCC_WARN_UNINITIALIZED_AUTOS = YES_AGGRESSIVE;
				GCC_WARN_UNUSED_FUNCTION = YES;
				GCC_WARN_UNUSED_VARIABLE = YES;
				IPHONEOS_DEPLOYMENT_TARGET = 16.0;
				MTL_ENABLE_DEBUG_INFO = INCLUDE_SOURCE;
				MTL_FAST_MATH = YES;
				ONLY_ACTIVE_ARCH = YES;
				SDKROOT = iphoneos;
				SWIFT_ACTIVE_COMPILATION_CONDITIONS = DEBUG;
				SWIFT_OPTIMIZATION_LEVEL = "-Onone";
			};
			name = Debug;
		};
		3A10B9F628D4B03B009E1455 /* Release */ = {
			isa = XCBuildConfiguration;
			buildSettings = {
				ALWAYS_SEARCH_USER_PATHS = NO;
				CLANG_ANALYZER_NONNULL = YES;
				CLANG_ANALYZER_NUMBER_OBJECT_CONVERSION = YES_AGGRESSIVE;
				CLANG_CXX_LANGUAGE_STANDARD = "gnu++20";
				CLANG_ENABLE_MODULES = YES;
				CLANG_ENABLE_OBJC_ARC = YES;
				CLANG_ENABLE_OBJC_WEAK = YES;
				CLANG_WARN_BLOCK_CAPTURE_AUTORELEASING = YES;
				CLANG_WARN_BOOL_CONVERSION = YES;
				CLANG_WARN_COMMA = YES;
				CLANG_WARN_CONSTANT_CONVERSION = YES;
				CLANG_WARN_DEPRECATED_OBJC_IMPLEMENTATIONS = YES;
				CLANG_WARN_DIRECT_OBJC_ISA_USAGE = YES_ERROR;
				CLANG_WARN_DOCUMENTATION_COMMENTS = YES;
				CLANG_WARN_EMPTY_BODY = YES;
				CLANG_WARN_ENUM_CONVERSION = YES;
				CLANG_WARN_INFINITE_RECURSION = YES;
				CLANG_WARN_INT_CONVERSION = YES;
				CLANG_WARN_NON_LITERAL_NULL_CONVERSION = YES;
				CLANG_WARN_OBJC_IMPLICIT_RETAIN_SELF = YES;
				CLANG_WARN_OBJC_LITERAL_CONVERSION = YES;
				CLANG_WARN_OBJC_ROOT_CLASS = YES_ERROR;
				CLANG_WARN_QUOTED_INCLUDE_IN_FRAMEWORK_HEADER = YES;
				CLANG_WARN_RANGE_LOOP_ANALYSIS = YES;
				CLANG_WARN_STRICT_PROTOTYPES = YES;
				CLANG_WARN_SUSPICIOUS_MOVE = YES;
				CLANG_WARN_UNGUARDED_AVAILABILITY = YES_AGGRESSIVE;
				CLANG_WARN_UNREACHABLE_CODE = YES;
				CLANG_WARN__DUPLICATE_METHOD_MATCH = YES;
				COPY_PHASE_STRIP = NO;
				DEBUG_INFORMATION_FORMAT = "dwarf-with-dsym";
				ENABLE_NS_ASSERTIONS = NO;
				ENABLE_STRICT_OBJC_MSGSEND = YES;
				GCC_C_LANGUAGE_STANDARD = gnu11;
				GCC_NO_COMMON_BLOCKS = YES;
				GCC_WARN_64_TO_32_BIT_CONVERSION = YES;
				GCC_WARN_ABOUT_RETURN_TYPE = YES_ERROR;
				GCC_WARN_UNDECLARED_SELECTOR = YES;
				GCC_WARN_UNINITIALIZED_AUTOS = YES_AGGRESSIVE;
				GCC_WARN_UNUSED_FUNCTION = YES;
				GCC_WARN_UNUSED_VARIABLE = YES;
				IPHONEOS_DEPLOYMENT_TARGET = 16.0;
				MTL_ENABLE_DEBUG_INFO = NO;
				MTL_FAST_MATH = YES;
				SDKROOT = iphoneos;
				SWIFT_COMPILATION_MODE = wholemodule;
				SWIFT_OPTIMIZATION_LEVEL = "-O";
				VALIDATE_PRODUCT = YES;
			};
			name = Release;
		};
		3A10B9F828D4B03B009E1455 /* Debug */ = {
			isa = XCBuildConfiguration;
			buildSettings = {
				ASSETCATALOG_COMPILER_APPICON_NAME = AppIcon;
				ASSETCATALOG_COMPILER_GLOBAL_ACCENT_COLOR_NAME = AccentColor;
				CODE_SIGN_STYLE = Automatic;
				CURRENT_PROJECT_VERSION = 1;
				DEVELOPMENT_TEAM = MY9GHM6UCV;
				GENERATE_INFOPLIST_FILE = YES;
				INFOPLIST_FILE = TableView_Exercise/Info.plist;
				INFOPLIST_KEY_UIApplicationSupportsIndirectInputEvents = YES;
				INFOPLIST_KEY_UILaunchStoryboardName = LaunchScreen;
				INFOPLIST_KEY_UIMainStoryboardFile = CoffeeShop;
				INFOPLIST_KEY_UISupportedInterfaceOrientations_iPad = "UIInterfaceOrientationPortrait UIInterfaceOrientationPortraitUpsideDown UIInterfaceOrientationLandscapeLeft UIInterfaceOrientationLandscapeRight";
				INFOPLIST_KEY_UISupportedInterfaceOrientations_iPhone = "UIInterfaceOrientationPortrait UIInterfaceOrientationLandscapeLeft UIInterfaceOrientationLandscapeRight";
				LD_RUNPATH_SEARCH_PATHS = (
					"$(inherited)",
					"@executable_path/Frameworks",
				);
				MARKETING_VERSION = 1.0;
				PRODUCT_BUNDLE_IDENTIFIER = "com.bayuwy.TableView-Exercise";
				PRODUCT_NAME = "$(TARGET_NAME)";
				SWIFT_EMIT_LOC_STRINGS = YES;
				SWIFT_VERSION = 5.0;
				TARGETED_DEVICE_FAMILY = "1,2";
			};
			name = Debug;
		};
		3A10B9F928D4B03B009E1455 /* Release */ = {
			isa = XCBuildConfiguration;
			buildSettings = {
				ASSETCATALOG_COMPILER_APPICON_NAME = AppIcon;
				ASSETCATALOG_COMPILER_GLOBAL_ACCENT_COLOR_NAME = AccentColor;
				CODE_SIGN_STYLE = Automatic;
				CURRENT_PROJECT_VERSION = 1;
				DEVELOPMENT_TEAM = MY9GHM6UCV;
				GENERATE_INFOPLIST_FILE = YES;
				INFOPLIST_FILE = TableView_Exercise/Info.plist;
				INFOPLIST_KEY_UIApplicationSupportsIndirectInputEvents = YES;
				INFOPLIST_KEY_UILaunchStoryboardName = LaunchScreen;
				INFOPLIST_KEY_UIMainStoryboardFile = CoffeeShop;
				INFOPLIST_KEY_UISupportedInterfaceOrientations_iPad = "UIInterfaceOrientationPortrait UIInterfaceOrientationPortraitUpsideDown UIInterfaceOrientationLandscapeLeft UIInterfaceOrientationLandscapeRight";
				INFOPLIST_KEY_UISupportedInterfaceOrientations_iPhone = "UIInterfaceOrientationPortrait UIInterfaceOrientationLandscapeLeft UIInterfaceOrientationLandscapeRight";
				LD_RUNPATH_SEARCH_PATHS = (
					"$(inherited)",
					"@executable_path/Frameworks",
				);
				MARKETING_VERSION = 1.0;
				PRODUCT_BUNDLE_IDENTIFIER = "com.bayuwy.TableView-Exercise";
				PRODUCT_NAME = "$(TARGET_NAME)";
				SWIFT_EMIT_LOC_STRINGS = YES;
				SWIFT_VERSION = 5.0;
				TARGETED_DEVICE_FAMILY = "1,2";
			};
			name = Release;
		};
/* End XCBuildConfiguration section */

/* Begin XCConfigurationList section */
		3A10B9DE28D4B039009E1455 /* Build configuration list for PBXProject "TableView_Exercise" */ = {
			isa = XCConfigurationList;
			buildConfigurations = (
				3A10B9F528D4B03B009E1455 /* Debug */,
				3A10B9F628D4B03B009E1455 /* Release */,
			);
			defaultConfigurationIsVisible = 0;
			defaultConfigurationName = Release;
		};
		3A10B9F728D4B03B009E1455 /* Build configuration list for PBXNativeTarget "TableView_Exercise" */ = {
			isa = XCConfigurationList;
			buildConfigurations = (
				3A10B9F828D4B03B009E1455 /* Debug */,
				3A10B9F928D4B03B009E1455 /* Release */,
			);
			defaultConfigurationIsVisible = 0;
			defaultConfigurationName = Release;
		};
/* End XCConfigurationList section */
	};
	rootObject = 3A10B9DB28D4B039009E1455 /* Project object */;
}
